
Microsoft Visual Studio Solution File, Format Version 12.00
# Visual Studio Version 16
VisualStudioVersion = 16.0.31624.102
MinimumVisualStudioVersion = 10.0.40219.1
Project("{FAE04EC0-301F-11D3-BF4B-00C04F79EFBC}") = "CleanArchMVC.WebUI", "CleanArchMVC.WebUI\CleanArchMVC.WebUI.csproj", "{F6798AF2-E4CB-48FC-ACA1-3FE12836C443}"
EndProject
Project("{FAE04EC0-301F-11D3-BF4B-00C04F79EFBC}") = "CleanArchMVC.Domain", "CleanArchMVC.Domain\CleanArchMVC.Domain.csproj", "{00DE8059-71EF-4D3B-9AAA-F042217732ED}"
EndProject
Project("{FAE04EC0-301F-11D3-BF4B-00C04F79EFBC}") = "CleanArchMVC.Application", "CleanArchMVC.Application\CleanArchMVC.Application.csproj", "{B4410DED-364E-4865-B1A1-9CB5A91FE76D}"
EndProject
Project("{FAE04EC0-301F-11D3-BF4B-00C04F79EFBC}") = "CleanArchMVC.Infra.Data", "CleanArchMVC.Infra.Data\CleanArchMVC.Infra.Data.csproj", "{8515A171-1EEB-49B2-8814-A98ACCFDDC05}"
EndProject
Project("{FAE04EC0-301F-11D3-BF4B-00C04F79EFBC}") = "CleanArchMVC.Infra.IoC", "CleanArchMVC.Infra.IoC\CleanArchMVC.Infra.IoC.csproj", "{13574756-EB6E-40D9-A227-C94CF4743430}"
EndProject
Global
	GlobalSection(SolutionProperties) = preSolution
		HideSolutionNode = FALSE
	EndGlobalSection
	GlobalSection(ExtensibilityGlobals) = postSolution
		SolutionGuid = {06527E84-6629-4C61-AFC8-248829FE60F8}
	EndGlobalSection
	GlobalSection(SolutionConfigurationPlatforms) = preSolution
		Debug|Any CPU = Debug|Any CPU
		Debug|x64 = Debug|x64
		Debug|x86 = Debug|x86
		Release|Any CPU = Release|Any CPU
		Release|x64 = Release|x64
		Release|x86 = Release|x86
	EndGlobalSection
	GlobalSection(ProjectConfigurationPlatforms) = postSolution
		{F6798AF2-E4CB-48FC-ACA1-3FE12836C443}.Debug|Any CPU.ActiveCfg = Debug|Any CPU
		{F6798AF2-E4CB-48FC-ACA1-3FE12836C443}.Debug|Any CPU.Build.0 = Debug|Any CPU
		{F6798AF2-E4CB-48FC-ACA1-3FE12836C443}.Debug|x64.ActiveCfg = Debug|Any CPU
		{F6798AF2-E4CB-48FC-ACA1-3FE12836C443}.Debug|x64.Build.0 = Debug|Any CPU
		{F6798AF2-E4CB-48FC-ACA1-3FE12836C443}.Debug|x86.ActiveCfg = Debug|Any CPU
		{F6798AF2-E4CB-48FC-ACA1-3FE12836C443}.Debug|x86.Build.0 = Debug|Any CPU
		{F6798AF2-E4CB-48FC-ACA1-3FE12836C443}.Release|Any CPU.ActiveCfg = Release|Any CPU
		{F6798AF2-E4CB-48FC-ACA1-3FE12836C443}.Release|Any CPU.Build.0 = Release|Any CPU
		{F6798AF2-E4CB-48FC-ACA1-3FE12836C443}.Release|x64.ActiveCfg = Release|Any CPU
		{F6798AF2-E4CB-48FC-ACA1-3FE12836C443}.Release|x64.Build.0 = Release|Any CPU
		{F6798AF2-E4CB-48FC-ACA1-3FE12836C443}.Release|x86.ActiveCfg = Release|Any CPU
		{F6798AF2-E4CB-48FC-ACA1-3FE12836C443}.Release|x86.Build.0 = Release|Any CPU
		{00DE8059-71EF-4D3B-9AAA-F042217732ED}.Debug|Any CPU.ActiveCfg = Debug|Any CPU
		{00DE8059-71EF-4D3B-9AAA-F042217732ED}.Debug|Any CPU.Build.0 = Debug|Any CPU
		{00DE8059-71EF-4D3B-9AAA-F042217732ED}.Debug|x64.ActiveCfg = Debug|Any CPU
		{00DE8059-71EF-4D3B-9AAA-F042217732ED}.Debug|x64.Build.0 = Debug|Any CPU
		{00DE8059-71EF-4D3B-9AAA-F042217732ED}.Debug|x86.ActiveCfg = Debug|Any CPU
		{00DE8059-71EF-4D3B-9AAA-F042217732ED}.Debug|x86.Build.0 = Debug|Any CPU
		{00DE8059-71EF-4D3B-9AAA-F042217732ED}.Release|Any CPU.ActiveCfg = Release|Any CPU
		{00DE8059-71EF-4D3B-9AAA-F042217732ED}.Release|Any CPU.Build.0 = Release|Any CPU
		{00DE8059-71EF-4D3B-9AAA-F042217732ED}.Release|x64.ActiveCfg = Release|Any CPU
		{00DE8059-71EF-4D3B-9AAA-F042217732ED}.Release|x64.Build.0 = Release|Any CPU
		{00DE8059-71EF-4D3B-9AAA-F042217732ED}.Release|x86.ActiveCfg = Release|Any CPU
		{00DE8059-71EF-4D3B-9AAA-F042217732ED}.Release|x86.Build.0 = Release|Any CPU
		{B4410DED-364E-4865-B1A1-9CB5A91FE76D}.Debug|Any CPU.ActiveCfg = Debug|Any CPU
		{B4410DED-364E-4865-B1A1-9CB5A91FE76D}.Debug|Any CPU.Build.0 = Debug|Any CPU
		{B4410DED-364E-4865-B1A1-9CB5A91FE76D}.Debug|x64.ActiveCfg = Debug|Any CPU
		{B4410DED-364E-4865-B1A1-9CB5A91FE76D}.Debug|x64.Build.0 = Debug|Any CPU
		{B4410DED-364E-4865-B1A1-9CB5A91FE76D}.Debug|x86.ActiveCfg = Debug|Any CPU
		{B4410DED-364E-4865-B1A1-9CB5A91FE76D}.Debug|x86.Build.0 = Debug|Any CPU
		{B4410DED-364E-4865-B1A1-9CB5A91FE76D}.Release|Any CPU.ActiveCfg = Release|Any CPU
		{B4410DED-364E-4865-B1A1-9CB5A91FE76D}.Release|Any CPU.Build.0 = Release|Any CPU
		{B4410DED-364E-4865-B1A1-9CB5A91FE76D}.Release|x64.ActiveCfg = Release|Any CPU
		{B4410DED-364E-4865-B1A1-9CB5A91FE76D}.Release|x64.Build.0 = Release|Any CPU
		{B4410DED-364E-4865-B1A1-9CB5A91FE76D}.Release|x86.ActiveCfg = Release|Any CPU
		{B4410DED-364E-4865-B1A1-9CB5A91FE76D}.Release|x86.Build.0 = Release|Any CPU
		{8515A171-1EEB-49B2-8814-A98ACCFDDC05}.Debug|Any CPU.ActiveCfg = Debug|Any CPU
		{8515A171-1EEB-49B2-8814-A98ACCFDDC05}.Debug|Any CPU.Build.0 = Debug|Any CPU
		{8515A171-1EEB-49B2-8814-A98ACCFDDC05}.Debug|x64.ActiveCfg = Debug|Any CPU
		{8515A171-1EEB-49B2-8814-A98ACCFDDC05}.Debug|x64.Build.0 = Debug|Any CPU
		{8515A171-1EEB-49B2-8814-A98ACCFDDC05}.Debug|x86.ActiveCfg = Debug|Any CPU
		{8515A171-1EEB-49B2-8814-A98ACCFDDC05}.Debug|x86.Build.0 = Debug|Any CPU
		{8515A171-1EEB-49B2-8814-A98ACCFDDC05}.Release|Any CPU.ActiveCfg = Release|Any CPU
		{8515A171-1EEB-49B2-8814-A98ACCFDDC05}.Release|Any CPU.Build.0 = Release|Any CPU
		{8515A171-1EEB-49B2-8814-A98ACCFDDC05}.Release|x64.ActiveCfg = Release|Any CPU
		{8515A171-1EEB-49B2-8814-A98ACCFDDC05}.Release|x64.Build.0 = Release|Any CPU
		{8515A171-1EEB-49B2-8814-A98ACCFDDC05}.Release|x86.ActiveCfg = Release|Any CPU
		{8515A171-1EEB-49B2-8814-A98ACCFDDC05}.Release|x86.Build.0 = Release|Any CPU
		{13574756-EB6E-40D9-A227-C94CF4743430}.Debug|Any CPU.ActiveCfg = Debug|Any CPU
		{13574756-EB6E-40D9-A227-C94CF4743430}.Debug|Any CPU.Build.0 = Debug|Any CPU
		{13574756-EB6E-40D9-A227-C94CF4743430}.Debug|x64.ActiveCfg = Debug|Any CPU
		{13574756-EB6E-40D9-A227-C94CF4743430}.Debug|x64.Build.0 = Debug|Any CPU
		{13574756-EB6E-40D9-A227-C94CF4743430}.Debug|x86.ActiveCfg = Debug|Any CPU
		{13574756-EB6E-40D9-A227-C94CF4743430}.Debug|x86.Build.0 = Debug|Any CPU
		{13574756-EB6E-40D9-A227-C94CF4743430}.Release|Any CPU.ActiveCfg = Release|Any CPU
		{13574756-EB6E-40D9-A227-C94CF4743430}.Release|Any CPU.Build.0 = Release|Any CPU
		{13574756-EB6E-40D9-A227-C94CF4743430}.Release|x64.ActiveCfg = Release|Any CPU
		{13574756-EB6E-40D9-A227-C94CF4743430}.Release|x64.Build.0 = Release|Any CPU
		{13574756-EB6E-40D9-A227-C94CF4743430}.Release|x86.ActiveCfg = Release|Any CPU
		{13574756-EB6E-40D9-A227-C94CF4743430}.Release|x86.Build.0 = Release|Any CPU
	EndGlobalSection
EndGlobal
